
Microsoft Visual Studio Solution File, Format Version 12.00
# Visual Studio Version 16
VisualStudioVersion = 16.0.32602.291
MinimumVisualStudioVersion = 10.0.40219.1
Project("{FAE04EC0-301F-11D3-BF4B-00C04F79EFBC}") = "ApiBackTest2022", "ApiBackTest2022\ApiBackTest2022.csproj", "{478ABC96-3073-46AC-9F98-208C5FDC937D}"
EndProject
Global
	GlobalSection(SolutionConfigurationPlatforms) = preSolution
		Debug|Any CPU = Debug|Any CPU
		Release|Any CPU = Release|Any CPU
	EndGlobalSection
	GlobalSection(ProjectConfigurationPlatforms) = postSolution
		{478ABC96-3073-46AC-9F98-208C5FDC937D}.Debug|Any CPU.ActiveCfg = Debug|Any CPU
		{478ABC96-3073-46AC-9F98-208C5FDC937D}.Debug|Any CPU.Build.0 = Debug|Any CPU
		{478ABC96-3073-46AC-9F98-208C5FDC937D}.Release|Any CPU.ActiveCfg = Release|Any CPU
		{478ABC96-3073-46AC-9F98-208C5FDC937D}.Release|Any CPU.Build.0 = Release|Any CPU
	EndGlobalSection
	GlobalSection(SolutionProperties) = preSolution
		HideSolutionNode = FALSE
	EndGlobalSection
	GlobalSection(ExtensibilityGlobals) = postSolution
		SolutionGuid = {A372CF98-35F9-4E78-BBC8-AFE2B889D8EB}
	EndGlobalSection
EndGlobal
